
Microsoft Visual Studio Solution File, Format Version 12.00
# Visual Studio 14
VisualStudioVersion = 14.0.25420.1
MinimumVisualStudioVersion = 10.0.40219.1
Project("{FAE04EC0-301F-11D3-BF4B-00C04F79EFBC}") = "ApartmentFInderProject", "ApartmentFInderProject\ApartmentFInderProject.csproj", "{28DF3121-63BE-4D2A-9B90-D7700C9822AD}"
EndProject
Project("{FAE04EC0-301F-11D3-BF4B-00C04F79EFBC}") = "ApartmentFinderDAL", "ApartmentFinderDAL\ApartmentFinderDAL.csproj", "{019382BC-27CD-4B67-B2B0-80F3DF0C30AD}"
EndProject
Project("{FAE04EC0-301F-11D3-BF4B-00C04F79EFBC}") = "ApartmentFinderWebAPI", "ApartmentFinderWebAPI\ApartmentFinderWebAPI.csproj", "{16B91875-9730-4BD1-ABBC-1DBA072F37E9}"
EndProject
Project("{FAE04EC0-301F-11D3-BF4B-00C04F79EFBC}") = "ApartmentFinderMVC", "ApartmentFinderMVC\ApartmentFinderMVC.csproj", "{017BD4A9-E59A-42A0-A731-04CC20C42F6A}"
EndProject
Project("{FAE04EC0-301F-11D3-BF4B-00C04F79EFBC}") = "ApartmentFinderUnitTestProject", "ApartmentFinderUnitTestProject\ApartmentFinderUnitTestProject.csproj", "{46226271-27F9-418F-9585-7FE0475FC29B}"
EndProject
Global
	GlobalSection(SolutionConfigurationPlatforms) = preSolution
		Debug|Any CPU = Debug|Any CPU
		Release|Any CPU = Release|Any CPU
	EndGlobalSection
	GlobalSection(ProjectConfigurationPlatforms) = postSolution
		{28DF3121-63BE-4D2A-9B90-D7700C9822AD}.Debug|Any CPU.ActiveCfg = Debug|Any CPU
		{28DF3121-63BE-4D2A-9B90-D7700C9822AD}.Debug|Any CPU.Build.0 = Debug|Any CPU
		{28DF3121-63BE-4D2A-9B90-D7700C9822AD}.Release|Any CPU.ActiveCfg = Release|Any CPU
		{28DF3121-63BE-4D2A-9B90-D7700C9822AD}.Release|Any CPU.Build.0 = Release|Any CPU
		{019382BC-27CD-4B67-B2B0-80F3DF0C30AD}.Debug|Any CPU.ActiveCfg = Debug|Any CPU
		{019382BC-27CD-4B67-B2B0-80F3DF0C30AD}.Debug|Any CPU.Build.0 = Debug|Any CPU
		{019382BC-27CD-4B67-B2B0-80F3DF0C30AD}.Release|Any CPU.ActiveCfg = Release|Any CPU
		{019382BC-27CD-4B67-B2B0-80F3DF0C30AD}.Release|Any CPU.Build.0 = Release|Any CPU
		{16B91875-9730-4BD1-ABBC-1DBA072F37E9}.Debug|Any CPU.ActiveCfg = Debug|Any CPU
		{16B91875-9730-4BD1-ABBC-1DBA072F37E9}.Debug|Any CPU.Build.0 = Debug|Any CPU
		{16B91875-9730-4BD1-ABBC-1DBA072F37E9}.Release|Any CPU.ActiveCfg = Release|Any CPU
		{16B91875-9730-4BD1-ABBC-1DBA072F37E9}.Release|Any CPU.Build.0 = Release|Any CPU
		{017BD4A9-E59A-42A0-A731-04CC20C42F6A}.Debug|Any CPU.ActiveCfg = Debug|Any CPU
		{017BD4A9-E59A-42A0-A731-04CC20C42F6A}.Debug|Any CPU.Build.0 = Debug|Any CPU
		{017BD4A9-E59A-42A0-A731-04CC20C42F6A}.Release|Any CPU.ActiveCfg = Release|Any CPU
		{017BD4A9-E59A-42A0-A731-04CC20C42F6A}.Release|Any CPU.Build.0 = Release|Any CPU
		{46226271-27F9-418F-9585-7FE0475FC29B}.Debug|Any CPU.ActiveCfg = Debug|Any CPU
		{46226271-27F9-418F-9585-7FE0475FC29B}.Debug|Any CPU.Build.0 = Debug|Any CPU
		{46226271-27F9-418F-9585-7FE0475FC29B}.Release|Any CPU.ActiveCfg = Release|Any CPU
		{46226271-27F9-418F-9585-7FE0475FC29B}.Release|Any CPU.Build.0 = Release|Any CPU
	EndGlobalSection
	GlobalSection(SolutionProperties) = preSolution
		HideSolutionNode = FALSE
	EndGlobalSection
EndGlobal
